
Microsoft Visual Studio Solution File, Format Version 12.00
# Visual Studio Version 17
VisualStudioVersion = 17.10.35027.167
MinimumVisualStudioVersion = 10.0.40219.1
Project("{9A19103F-16F7-4668-BE54-9A1E7A4F7556}") = "APM.Main", "AraPasswordManager\APM.Main\APM.Main.csproj", "{AFC6EDE1-E4DC-4FEB-8B7D-9243374B0B41}"
EndProject
Project("{9A19103F-16F7-4668-BE54-9A1E7A4F7556}") = "APM.Core", "AraPasswordManager\APM.Core\APM.Core.csproj", "{18E185E7-E125-475F-90C7-0C24303AE300}"
EndProject
Global
	GlobalSection(SolutionConfigurationPlatforms) = preSolution
		Debug|Any CPU = Debug|Any CPU
		Release|Any CPU = Release|Any CPU
	EndGlobalSection
	GlobalSection(ProjectConfigurationPlatforms) = postSolution
		{AFC6EDE1-E4DC-4FEB-8B7D-9243374B0B41}.Debug|Any CPU.ActiveCfg = Debug|Any CPU
		{AFC6EDE1-E4DC-4FEB-8B7D-9243374B0B41}.Debug|Any CPU.Build.0 = Debug|Any CPU
		{AFC6EDE1-E4DC-4FEB-8B7D-9243374B0B41}.Release|Any CPU.ActiveCfg = Release|Any CPU
		{AFC6EDE1-E4DC-4FEB-8B7D-9243374B0B41}.Release|Any CPU.Build.0 = Release|Any CPU
		{18E185E7-E125-475F-90C7-0C24303AE300}.Debug|Any CPU.ActiveCfg = Debug|Any CPU
		{18E185E7-E125-475F-90C7-0C24303AE300}.Debug|Any CPU.Build.0 = Debug|Any CPU
		{18E185E7-E125-475F-90C7-0C24303AE300}.Release|Any CPU.ActiveCfg = Release|Any CPU
		{18E185E7-E125-475F-90C7-0C24303AE300}.Release|Any CPU.Build.0 = Release|Any CPU
	EndGlobalSection
	GlobalSection(SolutionProperties) = preSolution
		HideSolutionNode = FALSE
	EndGlobalSection
	GlobalSection(ExtensibilityGlobals) = postSolution
		SolutionGuid = {AB65F577-D2F7-4564-8FC8-E928F8CAB890}
	EndGlobalSection
EndGlobal
