
Microsoft Visual Studio Solution File, Format Version 12.00
# Visual Studio Version 17
VisualStudioVersion = 17.7.34202.233
MinimumVisualStudioVersion = 10.0.40219.1
Project("{9A19103F-16F7-4668-BE54-9A1E7A4F7556}") = "CryptoUSB", "CryptoUSB\CryptoUSB.csproj", "{AA951D44-25BD-4B4A-8E87-5C35E01CFA7C}"
EndProject
Project("{9A19103F-16F7-4668-BE54-9A1E7A4F7556}") = "CryptoUSB.Desktop", "CryptoUSB.Desktop\CryptoUSB.Desktop.csproj", "{0F40F593-13A6-4F8B-85E8-B90D46F61FB8}"
EndProject
Project("{FAE04EC0-301F-11D3-BF4B-00C04F79EFBC}") = "CryptoUSB.Tests", "CryptoUSB.Tests\CryptoUSB.Tests.csproj", "{F43F1EDD-1403-41ED-A636-B34F1692101A}"
EndProject
Global
	GlobalSection(SolutionConfigurationPlatforms) = preSolution
		Debug|Any CPU = Debug|Any CPU
		Release|Any CPU = Release|Any CPU
	EndGlobalSection
	GlobalSection(ProjectConfigurationPlatforms) = postSolution
		{AA951D44-25BD-4B4A-8E87-5C35E01CFA7C}.Debug|Any CPU.ActiveCfg = Debug|Any CPU
		{AA951D44-25BD-4B4A-8E87-5C35E01CFA7C}.Debug|Any CPU.Build.0 = Debug|Any CPU
		{AA951D44-25BD-4B4A-8E87-5C35E01CFA7C}.Release|Any CPU.ActiveCfg = Release|Any CPU
		{AA951D44-25BD-4B4A-8E87-5C35E01CFA7C}.Release|Any CPU.Build.0 = Release|Any CPU
		{0F40F593-13A6-4F8B-85E8-B90D46F61FB8}.Debug|Any CPU.ActiveCfg = Debug|Any CPU
		{0F40F593-13A6-4F8B-85E8-B90D46F61FB8}.Debug|Any CPU.Build.0 = Debug|Any CPU
		{0F40F593-13A6-4F8B-85E8-B90D46F61FB8}.Release|Any CPU.ActiveCfg = Release|Any CPU
		{0F40F593-13A6-4F8B-85E8-B90D46F61FB8}.Release|Any CPU.Build.0 = Release|Any CPU
		{F43F1EDD-1403-41ED-A636-B34F1692101A}.Debug|Any CPU.ActiveCfg = Debug|Any CPU
		{F43F1EDD-1403-41ED-A636-B34F1692101A}.Debug|Any CPU.Build.0 = Debug|Any CPU
		{F43F1EDD-1403-41ED-A636-B34F1692101A}.Release|Any CPU.ActiveCfg = Release|Any CPU
		{F43F1EDD-1403-41ED-A636-B34F1692101A}.Release|Any CPU.Build.0 = Release|Any CPU
	EndGlobalSection
	GlobalSection(SolutionProperties) = preSolution
		HideSolutionNode = FALSE
	EndGlobalSection
	GlobalSection(ExtensibilityGlobals) = postSolution
		SolutionGuid = {8BDC346B-02D8-4D99-AEB3-D1C6006E70BC}
	EndGlobalSection
EndGlobal
